
Microsoft Visual Studio Solution File, Format Version 12.00
# Visual Studio Version 17
VisualStudioVersion = 17.8.34525.116
MinimumVisualStudioVersion = 10.0.40219.1
Project("{9A19103F-16F7-4668-BE54-9A1E7A4F7556}") = "ICS.DAL", "Source\ICS.DAL\ICS.DAL.csproj", "{5C4D9463-7F9E-480D-94D7-583FF31277A7}"
EndProject
Project("{2150E333-8FDC-42A3-9474-1A3956D46DE8}") = "App", "App", "{0FABDD05-3320-4B44-B709-89D6DE240839}"
EndProject
Project("{9A19103F-16F7-4668-BE54-9A1E7A4F7556}") = "ICS.BL", "Source\ICS.BL\ICS.BL.csproj", "{AFC05FD7-BA7F-42B3-9424-67BAD2F09FEB}"
EndProject
Project("{FAE04EC0-301F-11D3-BF4B-00C04F79EFBC}") = "ICS.Common", "Source\ICS.Common\ICS.Common.csproj", "{4C89E81D-85ED-46A7-8964-355D97BF160F}"
EndProject
Project("{FAE04EC0-301F-11D3-BF4B-00C04F79EFBC}") = "ICS.Common.Tests", "Source\ICS.Common.Tests\ICS.Common.Tests.csproj", "{D895E568-F9D5-4A9F-A3D1-F47E36E08D9C}"
EndProject
Project("{FAE04EC0-301F-11D3-BF4B-00C04F79EFBC}") = "ICS.DAL.Tests", "Source\ICS.DAL.Tests\ICS.DAL.Tests.csproj", "{A751BB53-2835-4D5F-8C8F-BF4608871829}"
EndProject
Global
	GlobalSection(SolutionConfigurationPlatforms) = preSolution
		Debug|Any CPU = Debug|Any CPU
		Release|Any CPU = Release|Any CPU
	EndGlobalSection
	GlobalSection(ProjectConfigurationPlatforms) = postSolution
		{5C4D9463-7F9E-480D-94D7-583FF31277A7}.Debug|Any CPU.ActiveCfg = Debug|Any CPU
		{5C4D9463-7F9E-480D-94D7-583FF31277A7}.Debug|Any CPU.Build.0 = Debug|Any CPU
		{5C4D9463-7F9E-480D-94D7-583FF31277A7}.Release|Any CPU.ActiveCfg = Release|Any CPU
		{5C4D9463-7F9E-480D-94D7-583FF31277A7}.Release|Any CPU.Build.0 = Release|Any CPU
		{AFC05FD7-BA7F-42B3-9424-67BAD2F09FEB}.Debug|Any CPU.ActiveCfg = Debug|Any CPU
		{AFC05FD7-BA7F-42B3-9424-67BAD2F09FEB}.Debug|Any CPU.Build.0 = Debug|Any CPU
		{AFC05FD7-BA7F-42B3-9424-67BAD2F09FEB}.Release|Any CPU.ActiveCfg = Release|Any CPU
		{AFC05FD7-BA7F-42B3-9424-67BAD2F09FEB}.Release|Any CPU.Build.0 = Release|Any CPU
		{4C89E81D-85ED-46A7-8964-355D97BF160F}.Debug|Any CPU.ActiveCfg = Debug|Any CPU
		{4C89E81D-85ED-46A7-8964-355D97BF160F}.Debug|Any CPU.Build.0 = Debug|Any CPU
		{4C89E81D-85ED-46A7-8964-355D97BF160F}.Release|Any CPU.ActiveCfg = Release|Any CPU
		{4C89E81D-85ED-46A7-8964-355D97BF160F}.Release|Any CPU.Build.0 = Release|Any CPU
		{D895E568-F9D5-4A9F-A3D1-F47E36E08D9C}.Debug|Any CPU.ActiveCfg = Debug|Any CPU
		{D895E568-F9D5-4A9F-A3D1-F47E36E08D9C}.Debug|Any CPU.Build.0 = Debug|Any CPU
		{D895E568-F9D5-4A9F-A3D1-F47E36E08D9C}.Release|Any CPU.ActiveCfg = Release|Any CPU
		{D895E568-F9D5-4A9F-A3D1-F47E36E08D9C}.Release|Any CPU.Build.0 = Release|Any CPU
		{A751BB53-2835-4D5F-8C8F-BF4608871829}.Debug|Any CPU.ActiveCfg = Debug|Any CPU
		{A751BB53-2835-4D5F-8C8F-BF4608871829}.Debug|Any CPU.Build.0 = Debug|Any CPU
		{A751BB53-2835-4D5F-8C8F-BF4608871829}.Release|Any CPU.ActiveCfg = Release|Any CPU
		{A751BB53-2835-4D5F-8C8F-BF4608871829}.Release|Any CPU.Build.0 = Release|Any CPU
	EndGlobalSection
	GlobalSection(SolutionProperties) = preSolution
		HideSolutionNode = FALSE
	EndGlobalSection
	GlobalSection(NestedProjects) = preSolution
		{5C4D9463-7F9E-480D-94D7-583FF31277A7} = {0FABDD05-3320-4B44-B709-89D6DE240839}
		{AFC05FD7-BA7F-42B3-9424-67BAD2F09FEB} = {0FABDD05-3320-4B44-B709-89D6DE240839}
		{4C89E81D-85ED-46A7-8964-355D97BF160F} = {0FABDD05-3320-4B44-B709-89D6DE240839}
		{D895E568-F9D5-4A9F-A3D1-F47E36E08D9C} = {0FABDD05-3320-4B44-B709-89D6DE240839}
		{A751BB53-2835-4D5F-8C8F-BF4608871829} = {0FABDD05-3320-4B44-B709-89D6DE240839}
	EndGlobalSection
	GlobalSection(ExtensibilityGlobals) = postSolution
		SolutionGuid = {3CF26E2A-2EDD-4912-90D3-C05C0E119510}
	EndGlobalSection
EndGlobal
